// !$*UTF8*$!
{
	archiveVersion = 1;
	classes = {
	};
	objectVersion = 50;
	objects = {

/* Begin PBXBuildFile section */
		0726728125BFCA4E00DC1DEB /* AppDelegate.swift in Sources */ = {isa = PBXBuildFile; fileRef = 0726728025BFCA4E00DC1DEB /* AppDelegate.swift */; };
		0726728325BFCA4E00DC1DEB /* SceneDelegate.swift in Sources */ = {isa = PBXBuildFile; fileRef = 0726728225BFCA4E00DC1DEB /* SceneDelegate.swift */; };
		0726728525BFCA4E00DC1DEB /* MainViewController.swift in Sources */ = {isa = PBXBuildFile; fileRef = 0726728425BFCA4E00DC1DEB /* MainViewController.swift */; };
		0726728A25BFCA4F00DC1DEB /* Assets.xcassets in Resources */ = {isa = PBXBuildFile; fileRef = 0726728925BFCA4F00DC1DEB /* Assets.xcassets */; };
		0726728D25BFCA4F00DC1DEB /* LaunchScreen.storyboard in Resources */ = {isa = PBXBuildFile; fileRef = 0726728B25BFCA4F00DC1DEB /* LaunchScreen.storyboard */; };
		072672A125BFCBD300DC1DEB /* MainView.swift in Sources */ = {isa = PBXBuildFile; fileRef = 072672A025BFCBD300DC1DEB /* MainView.swift */; };
		072672A425BFCBE500DC1DEB /* MainViewModel.swift in Sources */ = {isa = PBXBuildFile; fileRef = 072672A325BFCBE500DC1DEB /* MainViewModel.swift */; };
		072672A725BFCBF900DC1DEB /* MainAssembly.swift in Sources */ = {isa = PBXBuildFile; fileRef = 072672A625BFCBF900DC1DEB /* MainAssembly.swift */; };
		072672AA25BFD3E700DC1DEB /* MainCollectionViewCell.swift in Sources */ = {isa = PBXBuildFile; fileRef = 072672A925BFD3E700DC1DEB /* MainCollectionViewCell.swift */; };
		072672B125BFFD7B00DC1DEB /* NumberService.swift in Sources */ = {isa = PBXBuildFile; fileRef = 072672B025BFFD7B00DC1DEB /* NumberService.swift */; };
		072672B525C00FB600DC1DEB /* StructNumber.swift in Sources */ = {isa = PBXBuildFile; fileRef = 072672B425C00FB600DC1DEB /* StructNumber.swift */; };
/* End PBXBuildFile section */

/* Begin PBXFileReference section */
		0726727D25BFCA4D00DC1DEB /* pprtt.app */ = {isa = PBXFileReference; explicitFileType = wrapper.application; includeInIndex = 0; path = pprtt.app; sourceTree = BUILT_PRODUCTS_DIR; };
		0726728025BFCA4E00DC1DEB /* AppDelegate.swift */ = {isa = PBXFileReference; lastKnownFileType = sourcecode.swift; path = AppDelegate.swift; sourceTree = "<group>"; };
		0726728225BFCA4E00DC1DEB /* SceneDelegate.swift */ = {isa = PBXFileReference; lastKnownFileType = sourcecode.swift; path = SceneDelegate.swift; sourceTree = "<group>"; };
		0726728425BFCA4E00DC1DEB /* MainViewController.swift */ = {isa = PBXFileReference; lastKnownFileType = sourcecode.swift; path = MainViewController.swift; sourceTree = "<group>"; };
		0726728925BFCA4F00DC1DEB /* Assets.xcassets */ = {isa = PBXFileReference; lastKnownFileType = folder.assetcatalog; path = Assets.xcassets; sourceTree = "<group>"; };
		0726728C25BFCA4F00DC1DEB /* Base */ = {isa = PBXFileReference; lastKnownFileType = file.storyboard; name = Base; path = Base.lproj/LaunchScreen.storyboard; sourceTree = "<group>"; };
		0726728E25BFCA4F00DC1DEB /* Info.plist */ = {isa = PBXFileReference; lastKnownFileType = text.plist.xml; path = Info.plist; sourceTree = "<group>"; };
		072672A025BFCBD300DC1DEB /* MainView.swift */ = {isa = PBXFileReference; lastKnownFileType = sourcecode.swift; path = MainView.swift; sourceTree = "<group>"; };
		072672A325BFCBE500DC1DEB /* MainViewModel.swift */ = {isa = PBXFileReference; lastKnownFileType = sourcecode.swift; path = MainViewModel.swift; sourceTree = "<group>"; };
		072672A625BFCBF900DC1DEB /* MainAssembly.swift */ = {isa = PBXFileReference; lastKnownFileType = sourcecode.swift; path = MainAssembly.swift; sourceTree = "<group>"; };
		072672A925BFD3E700DC1DEB /* MainCollectionViewCell.swift */ = {isa = PBXFileReference; lastKnownFileType = sourcecode.swift; path = MainCollectionViewCell.swift; sourceTree = "<group>"; };
		072672B025BFFD7B00DC1DEB /* NumberService.swift */ = {isa = PBXFileReference; lastKnownFileType = sourcecode.swift; path = NumberService.swift; sourceTree = "<group>"; };
		072672B425C00FB600DC1DEB /* StructNumber.swift */ = {isa = PBXFileReference; lastKnownFileType = sourcecode.swift; path = StructNumber.swift; sourceTree = "<group>"; };
/* End PBXFileReference section */

/* Begin PBXFrameworksBuildPhase section */
		0726727A25BFCA4D00DC1DEB /* Frameworks */ = {
			isa = PBXFrameworksBuildPhase;
			buildActionMask = 2147483647;
			files = (
			);
			runOnlyForDeploymentPostprocessing = 0;
		};
/* End PBXFrameworksBuildPhase section */

/* Begin PBXGroup section */
		0726727425BFCA4D00DC1DEB = {
			isa = PBXGroup;
			children = (
				0726727F25BFCA4D00DC1DEB /* pprtt */,
				0726727E25BFCA4D00DC1DEB /* Products */,
			);
			sourceTree = "<group>";
		};
		0726727E25BFCA4D00DC1DEB /* Products */ = {
			isa = PBXGroup;
			children = (
				0726727D25BFCA4D00DC1DEB /* pprtt.app */,
			);
			name = Products;
			sourceTree = "<group>";
		};
		0726727F25BFCA4D00DC1DEB /* pprtt */ = {
			isa = PBXGroup;
			children = (
				072672B325C00F9C00DC1DEB /* Model */,
				072672AF25BFFD6A00DC1DEB /* Service */,
				0726729E25BFCBA400DC1DEB /* Main */,
				0726729725BFCA9C00DC1DEB /* Core */,
				0726729A25BFCAAD00DC1DEB /* Resource */,
			);
			path = pprtt;
			sourceTree = "<group>";
		};
		0726729725BFCA9C00DC1DEB /* Core */ = {
			isa = PBXGroup;
			children = (
				0726728025BFCA4E00DC1DEB /* AppDelegate.swift */,
				0726728225BFCA4E00DC1DEB /* SceneDelegate.swift */,
			);
			path = Core;
			sourceTree = "<group>";
		};
		0726729A25BFCAAD00DC1DEB /* Resource */ = {
			isa = PBXGroup;
			children = (
				0726728925BFCA4F00DC1DEB /* Assets.xcassets */,
				0726728B25BFCA4F00DC1DEB /* LaunchScreen.storyboard */,
				0726728E25BFCA4F00DC1DEB /* Info.plist */,
			);
			path = Resource;
			sourceTree = "<group>";
		};
		0726729E25BFCBA400DC1DEB /* Main */ = {
			isa = PBXGroup;
			children = (
				072672AC25BFD3F100DC1DEB /* Views */,
				0726728425BFCA4E00DC1DEB /* MainViewController.swift */,
				072672A325BFCBE500DC1DEB /* MainViewModel.swift */,
				072672A625BFCBF900DC1DEB /* MainAssembly.swift */,
			);
			path = Main;
			sourceTree = "<group>";
		};
		072672AC25BFD3F100DC1DEB /* Views */ = {
			isa = PBXGroup;
			children = (
				072672A025BFCBD300DC1DEB /* MainView.swift */,
				072672A925BFD3E700DC1DEB /* MainCollectionViewCell.swift */,
			);
			path = Views;
			sourceTree = "<group>";
		};
		072672AF25BFFD6A00DC1DEB /* Service */ = {
			isa = PBXGroup;
			children = (
				072672B025BFFD7B00DC1DEB /* NumberService.swift */,
			);
			path = Service;
			sourceTree = "<group>";
		};
		072672B325C00F9C00DC1DEB /* Model */ = {
			isa = PBXGroup;
			children = (
				072672B425C00FB600DC1DEB /* StructNumber.swift */,
			);
			path = Model;
			sourceTree = "<group>";
		};
/* End PBXGroup section */

/* Begin PBXNativeTarget section */
		0726727C25BFCA4D00DC1DEB /* pprtt */ = {
			isa = PBXNativeTarget;
			buildConfigurationList = 0726729125BFCA4F00DC1DEB /* Build configuration list for PBXNativeTarget "pprtt" */;
			buildPhases = (
				0726727925BFCA4D00DC1DEB /* Sources */,
				0726727A25BFCA4D00DC1DEB /* Frameworks */,
				0726727B25BFCA4D00DC1DEB /* Resources */,
			);
			buildRules = (
			);
			dependencies = (
			);
			name = pprtt;
			productName = pprtt;
			productReference = 0726727D25BFCA4D00DC1DEB /* pprtt.app */;
			productType = "com.apple.product-type.application";
		};
/* End PBXNativeTarget section */

/* Begin PBXProject section */
		0726727525BFCA4D00DC1DEB /* Project object */ = {
			isa = PBXProject;
			attributes = {
				LastSwiftUpdateCheck = 1230;
				LastUpgradeCheck = 1230;
				TargetAttributes = {
					0726727C25BFCA4D00DC1DEB = {
						CreatedOnToolsVersion = 12.3;
					};
				};
			};
			buildConfigurationList = 0726727825BFCA4D00DC1DEB /* Build configuration list for PBXProject "pprtt" */;
			compatibilityVersion = "Xcode 9.3";
			developmentRegion = en;
			hasScannedForEncodings = 0;
			knownRegions = (
				en,
				Base,
			);
			mainGroup = 0726727425BFCA4D00DC1DEB;
			productRefGroup = 0726727E25BFCA4D00DC1DEB /* Products */;
			projectDirPath = "";
			projectRoot = "";
			targets = (
				0726727C25BFCA4D00DC1DEB /* pprtt */,
			);
		};
/* End PBXProject section */

/* Begin PBXResourcesBuildPhase section */
		0726727B25BFCA4D00DC1DEB /* Resources */ = {
			isa = PBXResourcesBuildPhase;
			buildActionMask = 2147483647;
			files = (
				0726728D25BFCA4F00DC1DEB /* LaunchScreen.storyboard in Resources */,
				0726728A25BFCA4F00DC1DEB /* Assets.xcassets in Resources */,
			);
			runOnlyForDeploymentPostprocessing = 0;
		};
/* End PBXResourcesBuildPhase section */

/* Begin PBXSourcesBuildPhase section */
		0726727925BFCA4D00DC1DEB /* Sources */ = {
			isa = PBXSourcesBuildPhase;
			buildActionMask = 2147483647;
			files = (
				072672B125BFFD7B00DC1DEB /* NumberService.swift in Sources */,
				072672AA25BFD3E700DC1DEB /* MainCollectionViewCell.swift in Sources */,
				072672A425BFCBE500DC1DEB /* MainViewModel.swift in Sources */,
				0726728525BFCA4E00DC1DEB /* MainViewController.swift in Sources */,
				072672B525C00FB600DC1DEB /* StructNumber.swift in Sources */,
				072672A125BFCBD300DC1DEB /* MainView.swift in Sources */,
				0726728125BFCA4E00DC1DEB /* AppDelegate.swift in Sources */,
				072672A725BFCBF900DC1DEB /* MainAssembly.swift in Sources */,
				0726728325BFCA4E00DC1DEB /* SceneDelegate.swift in Sources */,
			);
			runOnlyForDeploymentPostprocessing = 0;
		};
/* End PBXSourcesBuildPhase section */

/* Begin PBXVariantGroup section */
		0726728B25BFCA4F00DC1DEB /* LaunchScreen.storyboard */ = {
			isa = PBXVariantGroup;
			children = (
				0726728C25BFCA4F00DC1DEB /* Base */,
			);
			name = LaunchScreen.storyboard;
			sourceTree = "<group>";
		};
/* End PBXVariantGroup section */

/* Begin XCBuildConfiguration section */
		0726728F25BFCA4F00DC1DEB /* Debug */ = {
			isa = XCBuildConfiguration;
			buildSettings = {
				ALWAYS_SEARCH_USER_PATHS = NO;
				CLANG_ANALYZER_NONNULL = YES;
				CLANG_ANALYZER_NUMBER_OBJECT_CONVERSION = YES_AGGRESSIVE;
				CLANG_CXX_LANGUAGE_STANDARD = "gnu++14";
				CLANG_CXX_LIBRARY = "libc++";
				CLANG_ENABLE_MODULES = YES;
				CLANG_ENABLE_OBJC_ARC = YES;
				CLANG_ENABLE_OBJC_WEAK = YES;
				CLANG_WARN_BLOCK_CAPTURE_AUTORELEASING = YES;
				CLANG_WARN_BOOL_CONVERSION = YES;
				CLANG_WARN_COMMA = YES;
				CLANG_WARN_CONSTANT_CONVERSION = YES;
				CLANG_WARN_DEPRECATED_OBJC_IMPLEMENTATIONS = YES;
				CLANG_WARN_DIRECT_OBJC_ISA_USAGE = YES_ERROR;
				CLANG_WARN_DOCUMENTATION_COMMENTS = YES;
				CLANG_WARN_EMPTY_BODY = YES;
				CLANG_WARN_ENUM_CONVERSION = YES;
				CLANG_WARN_INFINITE_RECURSION = YES;
				CLANG_WARN_INT_CONVERSION = YES;
				CLANG_WARN_NON_LITERAL_NULL_CONVERSION = YES;
				CLANG_WARN_OBJC_IMPLICIT_RETAIN_SELF = YES;
				CLANG_WARN_OBJC_LITERAL_CONVERSION = YES;
				CLANG_WARN_OBJC_ROOT_CLASS = YES_ERROR;
				CLANG_WARN_QUOTED_INCLUDE_IN_FRAMEWORK_HEADER = YES;
				CLANG_WARN_RANGE_LOOP_ANALYSIS = YES;
				CLANG_WARN_STRICT_PROTOTYPES = YES;
				CLANG_WARN_SUSPICIOUS_MOVE = YES;
				CLANG_WARN_UNGUARDED_AVAILABILITY = YES_AGGRESSIVE;
				CLANG_WARN_UNREACHABLE_CODE = YES;
				CLANG_WARN__DUPLICATE_METHOD_MATCH = YES;
				COPY_PHASE_STRIP = NO;
				DEBUG_INFORMATION_FORMAT = dwarf;
				ENABLE_STRICT_OBJC_MSGSEND = YES;
				ENABLE_TESTABILITY = YES;
				GCC_C_LANGUAGE_STANDARD = gnu11;
				GCC_DYNAMIC_NO_PIC = NO;
				GCC_NO_COMMON_BLOCKS = YES;
				GCC_OPTIMIZATION_LEVEL = 0;
				GCC_PREPROCESSOR_DEFINITIONS = (
					"DEBUG=1",
					"$(inherited)",
				);
				GCC_WARN_64_TO_32_BIT_CONVERSION = YES;
				GCC_WARN_ABOUT_RETURN_TYPE = YES_ERROR;
				GCC_WARN_UNDECLARED_SELECTOR = YES;
				GCC_WARN_UNINITIALIZED_AUTOS = YES_AGGRESSIVE;
				GCC_WARN_UNUSED_FUNCTION = YES;
				GCC_WARN_UNUSED_VARIABLE = YES;
				IPHONEOS_DEPLOYMENT_TARGET = 14.3;
				MTL_ENABLE_DEBUG_INFO = INCLUDE_SOURCE;
				MTL_FAST_MATH = YES;
				ONLY_ACTIVE_ARCH = YES;
				SDKROOT = iphoneos;
				SWIFT_ACTIVE_COMPILATION_CONDITIONS = DEBUG;
				SWIFT_OPTIMIZATION_LEVEL = "-Onone";
			};
			name = Debug;
		};
		0726729025BFCA4F00DC1DEB /* Release */ = {
			isa = XCBuildConfiguration;
			buildSettings = {
				ALWAYS_SEARCH_USER_PATHS = NO;
				CLANG_ANALYZER_NONNULL = YES;
				CLANG_ANALYZER_NUMBER_OBJECT_CONVERSION = YES_AGGRESSIVE;
				CLANG_CXX_LANGUAGE_STANDARD = "gnu++14";
				CLANG_CXX_LIBRARY = "libc++";
				CLANG_ENABLE_MODULES = YES;
				CLANG_ENABLE_OBJC_ARC = YES;
				CLANG_ENABLE_OBJC_WEAK = YES;
				CLANG_WARN_BLOCK_CAPTURE_AUTORELEASING = YES;
				CLANG_WARN_BOOL_CONVERSION = YES;
				CLANG_WARN_COMMA = YES;
				CLANG_WARN_CONSTANT_CONVERSION = YES;
				CLANG_WARN_DEPRECATED_OBJC_IMPLEMENTATIONS = YES;
				CLANG_WARN_DIRECT_OBJC_ISA_USAGE = YES_ERROR;
				CLANG_WARN_DOCUMENTATION_COMMENTS = YES;
				CLANG_WARN_EMPTY_BODY = YES;
				CLANG_WARN_ENUM_CONVERSION = YES;
				CLANG_WARN_INFINITE_RECURSION = YES;
				CLANG_WARN_INT_CONVERSION = YES;
				CLANG_WARN_NON_LITERAL_NULL_CONVERSION = YES;
				CLANG_WARN_OBJC_IMPLICIT_RETAIN_SELF = YES;
				CLANG_WARN_OBJC_LITERAL_CONVERSION = YES;
				CLANG_WARN_OBJC_ROOT_CLASS = YES_ERROR;
				CLANG_WARN_QUOTED_INCLUDE_IN_FRAMEWORK_HEADER = YES;
				CLANG_WARN_RANGE_LOOP_ANALYSIS = YES;
				CLANG_WARN_STRICT_PROTOTYPES = YES;
				CLANG_WARN_SUSPICIOUS_MOVE = YES;
				CLANG_WARN_UNGUARDED_AVAILABILITY = YES_AGGRESSIVE;
				CLANG_WARN_UNREACHABLE_CODE = YES;
				CLANG_WARN__DUPLICATE_METHOD_MATCH = YES;
				COPY_PHASE_STRIP = NO;
				DEBUG_INFORMATION_FORMAT = "dwarf-with-dsym";
				ENABLE_NS_ASSERTIONS = NO;
				ENABLE_STRICT_OBJC_MSGSEND = YES;
				GCC_C_LANGUAGE_STANDARD = gnu11;
				GCC_NO_COMMON_BLOCKS = YES;
				GCC_WARN_64_TO_32_BIT_CONVERSION = YES;
				GCC_WARN_ABOUT_RETURN_TYPE = YES_ERROR;
				GCC_WARN_UNDECLARED_SELECTOR = YES;
				GCC_WARN_UNINITIALIZED_AUTOS = YES_AGGRESSIVE;
				GCC_WARN_UNUSED_FUNCTION = YES;
				GCC_WARN_UNUSED_VARIABLE = YES;
				IPHONEOS_DEPLOYMENT_TARGET = 14.3;
				MTL_ENABLE_DEBUG_INFO = NO;
				MTL_FAST_MATH = YES;
				SDKROOT = iphoneos;
				SWIFT_COMPILATION_MODE = wholemodule;
				SWIFT_OPTIMIZATION_LEVEL = "-O";
				VALIDATE_PRODUCT = YES;
			};
			name = Release;
		};
		0726729225BFCA4F00DC1DEB /* Debug */ = {
			isa = XCBuildConfiguration;
			buildSettings = {
				ASSETCATALOG_COMPILER_APPICON_NAME = AppIcon;
				ASSETCATALOG_COMPILER_GLOBAL_ACCENT_COLOR_NAME = AccentColor;
				CODE_SIGN_STYLE = Automatic;
				DEVELOPMENT_TEAM = 4GGD352K79;
				INFOPLIST_FILE = pprtt/Resource/Info.plist;
				LD_RUNPATH_SEARCH_PATHS = (
					"$(inherited)",
					"@executable_path/Frameworks",
				);
				PRODUCT_BUNDLE_IDENTIFIER = im.mga.pprtt;
				PRODUCT_NAME = "$(TARGET_NAME)";
				SWIFT_VERSION = 5.0;
				TARGETED_DEVICE_FAMILY = 1;
			};
			name = Debug;
		};
		0726729325BFCA4F00DC1DEB /* Release */ = {
			isa = XCBuildConfiguration;
			buildSettings = {
				ASSETCATALOG_COMPILER_APPICON_NAME = AppIcon;
				ASSETCATALOG_COMPILER_GLOBAL_ACCENT_COLOR_NAME = AccentColor;
				CODE_SIGN_STYLE = Automatic;
				DEVELOPMENT_TEAM = 4GGD352K79;
				INFOPLIST_FILE = pprtt/Resource/Info.plist;
				LD_RUNPATH_SEARCH_PATHS = (
					"$(inherited)",
					"@executable_path/Frameworks",
				);
				PRODUCT_BUNDLE_IDENTIFIER = im.mga.pprtt;
				PRODUCT_NAME = "$(TARGET_NAME)";
				SWIFT_VERSION = 5.0;
				TARGETED_DEVICE_FAMILY = 1;
			};
			name = Release;
		};
/* End XCBuildConfiguration section */

/* Begin XCConfigurationList section */
		0726727825BFCA4D00DC1DEB /* Build configuration list for PBXProject "pprtt" */ = {
			isa = XCConfigurationList;
			buildConfigurations = (
				0726728F25BFCA4F00DC1DEB /* Debug */,
				0726729025BFCA4F00DC1DEB /* Release */,
			);
			defaultConfigurationIsVisible = 0;
			defaultConfigurationName = Release;
		};
		0726729125BFCA4F00DC1DEB /* Build configuration list for PBXNativeTarget "pprtt" */ = {
			isa = XCConfigurationList;
			buildConfigurations = (
				0726729225BFCA4F00DC1DEB /* Debug */,
				0726729325BFCA4F00DC1DEB /* Release */,
			);
			defaultConfigurationIsVisible = 0;
			defaultConfigurationName = Release;
		};
/* End XCConfigurationList section */
	};
	rootObject = 0726727525BFCA4D00DC1DEB /* Project object */;
}
